
Microsoft Visual Studio Solution File, Format Version 12.00
# Visual Studio Version 16
VisualStudioVersion = 16.0.34031.81
MinimumVisualStudioVersion = 10.0.40219.1
Project("{FAE04EC0-301F-11D3-BF4B-00C04F79EFBC}") = "GurmanLamps", "GurmanLamps.csproj", "{F81CAD30-9635-49A8-B74B-00A2A01DE84F}"
EndProject
Global
	GlobalSection(SolutionConfigurationPlatforms) = preSolution
		Debug|Any CPU = Debug|Any CPU
		Release|Any CPU = Release|Any CPU
	EndGlobalSection
	GlobalSection(ProjectConfigurationPlatforms) = postSolution
		{F81CAD30-9635-49A8-B74B-00A2A01DE84F}.Debug|Any CPU.ActiveCfg = Debug|Any CPU
		{F81CAD30-9635-49A8-B74B-00A2A01DE84F}.Debug|Any CPU.Build.0 = Debug|Any CPU
		{F81CAD30-9635-49A8-B74B-00A2A01DE84F}.Release|Any CPU.ActiveCfg = Release|Any CPU
		{F81CAD30-9635-49A8-B74B-00A2A01DE84F}.Release|Any CPU.Build.0 = Release|Any CPU
	EndGlobalSection
	GlobalSection(SolutionProperties) = preSolution
		HideSolutionNode = FALSE
	EndGlobalSection
	GlobalSection(ExtensibilityGlobals) = postSolution
		SolutionGuid = {E2563786-E2BA-42D6-82CE-9E37BE1A1C19}
	EndGlobalSection
EndGlobal
